
Microsoft Visual Studio Solution File, Format Version 12.00
# Visual Studio Version 16
VisualStudioVersion = 16.0.31729.503
MinimumVisualStudioVersion = 10.0.40219.1
Project("{FAE04EC0-301F-11D3-BF4B-00C04F79EFBC}") = "DrinksMachine", "DrinksMachine\DrinksMachine.csproj", "{81CEEFCF-7402-412D-9479-B213F887BF8E}"
EndProject
Global
	GlobalSection(SolutionConfigurationPlatforms) = preSolution
		Debug|Any CPU = Debug|Any CPU
		Release|Any CPU = Release|Any CPU
	EndGlobalSection
	GlobalSection(ProjectConfigurationPlatforms) = postSolution
		{81CEEFCF-7402-412D-9479-B213F887BF8E}.Debug|Any CPU.ActiveCfg = Debug|Any CPU
		{81CEEFCF-7402-412D-9479-B213F887BF8E}.Debug|Any CPU.Build.0 = Debug|Any CPU
		{81CEEFCF-7402-412D-9479-B213F887BF8E}.Release|Any CPU.ActiveCfg = Release|Any CPU
		{81CEEFCF-7402-412D-9479-B213F887BF8E}.Release|Any CPU.Build.0 = Release|Any CPU
	EndGlobalSection
	GlobalSection(SolutionProperties) = preSolution
		HideSolutionNode = FALSE
	EndGlobalSection
	GlobalSection(ExtensibilityGlobals) = postSolution
		SolutionGuid = {809B2741-9253-4AC8-8301-0040006D6B93}
	EndGlobalSection
EndGlobal
